
Microsoft Visual Studio Solution File, Format Version 12.00
# Visual Studio Version 16
VisualStudioVersion = 16.0.30114.105
MinimumVisualStudioVersion = 10.0.40219.1
Project("{FAE04EC0-301F-11D3-BF4B-00C04F79EFBC}") = "WebApplication1", "WebApplication1.csproj", "{20EEB205-8914-4C7D-966D-491B3F7E6910}"
EndProject
Global
	GlobalSection(SolutionConfigurationPlatforms) = preSolution
		Debug|Any CPU = Debug|Any CPU
		Release|Any CPU = Release|Any CPU
	EndGlobalSection
	GlobalSection(ProjectConfigurationPlatforms) = postSolution
		{20EEB205-8914-4C7D-966D-491B3F7E6910}.Debug|Any CPU.ActiveCfg = Debug|Any CPU
		{20EEB205-8914-4C7D-966D-491B3F7E6910}.Debug|Any CPU.Build.0 = Debug|Any CPU
		{20EEB205-8914-4C7D-966D-491B3F7E6910}.Release|Any CPU.ActiveCfg = Release|Any CPU
		{20EEB205-8914-4C7D-966D-491B3F7E6910}.Release|Any CPU.Build.0 = Release|Any CPU
	EndGlobalSection
	GlobalSection(SolutionProperties) = preSolution
		HideSolutionNode = FALSE
	EndGlobalSection
	GlobalSection(ExtensibilityGlobals) = postSolution
		SolutionGuid = {747A983F-3CB3-493D-AC1E-09965EC4149F}
	EndGlobalSection
EndGlobal
